
Microsoft Visual Studio Solution File, Format Version 12.00
# Visual Studio Version 17
VisualStudioVersion = 17.2.32616.157
MinimumVisualStudioVersion = 10.0.40219.1
Project("{FAE04EC0-301F-11D3-BF4B-00C04F79EFBC}") = "Cultivation Way Core", "Cultivation Way Core.csproj", "{E4AA8CB0-D5E7-4940-9C51-B7346D2D6DCB}"
EndProject
Project("{2150E333-8FDC-42A3-9474-1A3956D46DE8}") = "解决方案项", "解决方案项", "{88FC2AB4-DBB1-4A39-BB3E-76B0B76F2311}"
EndProject
Project("{FAE04EC0-301F-11D3-BF4B-00C04F79EFBC}") = "CW_Addon_Template", "..\CW_Addon_Template\CW_Addon_Template.csproj", "{9083009B-1A3F-4E71-9AE5-5BBFC86EAB21}"
EndProject
Global
	GlobalSection(SolutionConfigurationPlatforms) = preSolution
		Debug|Any CPU = Debug|Any CPU
		Release|Any CPU = Release|Any CPU
	EndGlobalSection
	GlobalSection(ProjectConfigurationPlatforms) = postSolution
		{E4AA8CB0-D5E7-4940-9C51-B7346D2D6DCB}.Debug|Any CPU.ActiveCfg = Debug|Any CPU
		{E4AA8CB0-D5E7-4940-9C51-B7346D2D6DCB}.Debug|Any CPU.Build.0 = Debug|Any CPU
		{E4AA8CB0-D5E7-4940-9C51-B7346D2D6DCB}.Release|Any CPU.ActiveCfg = Release|Any CPU
		{E4AA8CB0-D5E7-4940-9C51-B7346D2D6DCB}.Release|Any CPU.Build.0 = Release|Any CPU
		{9083009B-1A3F-4E71-9AE5-5BBFC86EAB21}.Debug|Any CPU.ActiveCfg = Debug|Any CPU
		{9083009B-1A3F-4E71-9AE5-5BBFC86EAB21}.Debug|Any CPU.Build.0 = Debug|Any CPU
		{9083009B-1A3F-4E71-9AE5-5BBFC86EAB21}.Release|Any CPU.ActiveCfg = Release|Any CPU
		{9083009B-1A3F-4E71-9AE5-5BBFC86EAB21}.Release|Any CPU.Build.0 = Release|Any CPU
	EndGlobalSection
	GlobalSection(SolutionProperties) = preSolution
		HideSolutionNode = FALSE
	EndGlobalSection
	GlobalSection(ExtensibilityGlobals) = postSolution
		SolutionGuid = {F5554A60-F306-47A2-B949-905B3A781102}
	EndGlobalSection
EndGlobal
